// !$*UTF8*$!
{
	archiveVersion = 1;
	classes = {
	};
	objectVersion = 50;
	objects = {

/* Begin PBXBuildFile section */
		780BF9732221E3CA002BDD04 /* AppDelegate.swift in Sources */ = {isa = PBXBuildFile; fileRef = 780BF9722221E3CA002BDD04 /* AppDelegate.swift */; };
		780BF9752221E3CA002BDD04 /* ViewController.swift in Sources */ = {isa = PBXBuildFile; fileRef = 780BF9742221E3CA002BDD04 /* ViewController.swift */; };
		780BF9782221E3CA002BDD04 /* Main.storyboard in Resources */ = {isa = PBXBuildFile; fileRef = 780BF9762221E3CA002BDD04 /* Main.storyboard */; };
		780BF97A2221E3CC002BDD04 /* Assets.xcassets in Resources */ = {isa = PBXBuildFile; fileRef = 780BF9792221E3CC002BDD04 /* Assets.xcassets */; };
		780BF97D2221E3CC002BDD04 /* LaunchScreen.storyboard in Resources */ = {isa = PBXBuildFile; fileRef = 780BF97B2221E3CC002BDD04 /* LaunchScreen.storyboard */; };
		780BF9892221E47B002BDD04 /* ServerAPI.swift in Sources */ = {isa = PBXBuildFile; fileRef = 780BF9882221E47B002BDD04 /* ServerAPI.swift */; };
		780BF98C2221E53C002BDD04 /* APIFlow.framework in Frameworks */ = {isa = PBXBuildFile; fileRef = 780BF98B2221E53C002BDD04 /* APIFlow.framework */; };
		780BF98E2221E6C7002BDD04 /* ServerAPI+Login.swift in Sources */ = {isa = PBXBuildFile; fileRef = 780BF98D2221E6C7002BDD04 /* ServerAPI+Login.swift */; };
/* End PBXBuildFile section */

/* Begin PBXFileReference section */
		780BF96F2221E3CA002BDD04 /* APIFlowSample.app */ = {isa = PBXFileReference; explicitFileType = wrapper.application; includeInIndex = 0; path = APIFlowSample.app; sourceTree = BUILT_PRODUCTS_DIR; };
		780BF9722221E3CA002BDD04 /* AppDelegate.swift */ = {isa = PBXFileReference; lastKnownFileType = sourcecode.swift; path = AppDelegate.swift; sourceTree = "<group>"; };
		780BF9742221E3CA002BDD04 /* ViewController.swift */ = {isa = PBXFileReference; lastKnownFileType = sourcecode.swift; path = ViewController.swift; sourceTree = "<group>"; };
		780BF9772221E3CA002BDD04 /* Base */ = {isa = PBXFileReference; lastKnownFileType = file.storyboard; name = Base; path = Base.lproj/Main.storyboard; sourceTree = "<group>"; };
		780BF9792221E3CC002BDD04 /* Assets.xcassets */ = {isa = PBXFileReference; lastKnownFileType = folder.assetcatalog; path = Assets.xcassets; sourceTree = "<group>"; };
		780BF97C2221E3CC002BDD04 /* Base */ = {isa = PBXFileReference; lastKnownFileType = file.storyboard; name = Base; path = Base.lproj/LaunchScreen.storyboard; sourceTree = "<group>"; };
		780BF97E2221E3CC002BDD04 /* Info.plist */ = {isa = PBXFileReference; lastKnownFileType = text.plist.xml; path = Info.plist; sourceTree = "<group>"; };
		780BF9882221E47B002BDD04 /* ServerAPI.swift */ = {isa = PBXFileReference; lastKnownFileType = sourcecode.swift; path = ServerAPI.swift; sourceTree = "<group>"; };
		780BF98B2221E53C002BDD04 /* APIFlow.framework */ = {isa = PBXFileReference; explicitFileType = wrapper.framework; path = APIFlow.framework; sourceTree = BUILT_PRODUCTS_DIR; };
		780BF98D2221E6C7002BDD04 /* ServerAPI+Login.swift */ = {isa = PBXFileReference; lastKnownFileType = sourcecode.swift; path = "ServerAPI+Login.swift"; sourceTree = "<group>"; };
/* End PBXFileReference section */

/* Begin PBXFrameworksBuildPhase section */
		780BF96C2221E3CA002BDD04 /* Frameworks */ = {
			isa = PBXFrameworksBuildPhase;
			buildActionMask = 2147483647;
			files = (
				780BF98C2221E53C002BDD04 /* APIFlow.framework in Frameworks */,
			);
			runOnlyForDeploymentPostprocessing = 0;
		};
/* End PBXFrameworksBuildPhase section */

/* Begin PBXGroup section */
		780BF9662221E3CA002BDD04 = {
			isa = PBXGroup;
			children = (
				780BF9712221E3CA002BDD04 /* APIFlowSample */,
				780BF9702221E3CA002BDD04 /* Products */,
				780BF98A2221E53C002BDD04 /* Frameworks */,
			);
			sourceTree = "<group>";
		};
		780BF9702221E3CA002BDD04 /* Products */ = {
			isa = PBXGroup;
			children = (
				780BF96F2221E3CA002BDD04 /* APIFlowSample.app */,
			);
			name = Products;
			sourceTree = "<group>";
		};
		780BF9712221E3CA002BDD04 /* APIFlowSample */ = {
			isa = PBXGroup;
			children = (
				780BF9722221E3CA002BDD04 /* AppDelegate.swift */,
				780BF9742221E3CA002BDD04 /* ViewController.swift */,
				780BF9882221E47B002BDD04 /* ServerAPI.swift */,
				780BF98D2221E6C7002BDD04 /* ServerAPI+Login.swift */,
				780BF9762221E3CA002BDD04 /* Main.storyboard */,
				780BF9792221E3CC002BDD04 /* Assets.xcassets */,
				780BF97B2221E3CC002BDD04 /* LaunchScreen.storyboard */,
				780BF97E2221E3CC002BDD04 /* Info.plist */,
			);
			path = APIFlowSample;
			sourceTree = "<group>";
		};
		780BF98A2221E53C002BDD04 /* Frameworks */ = {
			isa = PBXGroup;
			children = (
				780BF98B2221E53C002BDD04 /* APIFlow.framework */,
			);
			name = Frameworks;
			sourceTree = "<group>";
		};
/* End PBXGroup section */

/* Begin PBXNativeTarget section */
		780BF96E2221E3CA002BDD04 /* APIFlowSample */ = {
			isa = PBXNativeTarget;
			buildConfigurationList = 780BF9812221E3CC002BDD04 /* Build configuration list for PBXNativeTarget "APIFlowSample" */;
			buildPhases = (
				780BF96B2221E3CA002BDD04 /* Sources */,
				780BF96C2221E3CA002BDD04 /* Frameworks */,
				780BF96D2221E3CA002BDD04 /* Resources */,
			);
			buildRules = (
			);
			dependencies = (
			);
			name = APIFlowSample;
			productName = APIFlowSample;
			productReference = 780BF96F2221E3CA002BDD04 /* APIFlowSample.app */;
			productType = "com.apple.product-type.application";
		};
/* End PBXNativeTarget section */

/* Begin PBXProject section */
		780BF9672221E3CA002BDD04 /* Project object */ = {
			isa = PBXProject;
			attributes = {
				LastSwiftUpdateCheck = 1010;
				LastUpgradeCheck = 1010;
				ORGANIZATIONNAME = "Dave Poirier";
				TargetAttributes = {
					780BF96E2221E3CA002BDD04 = {
						CreatedOnToolsVersion = 10.1;
					};
				};
			};
			buildConfigurationList = 780BF96A2221E3CA002BDD04 /* Build configuration list for PBXProject "APIFlowSample" */;
			compatibilityVersion = "Xcode 9.3";
			developmentRegion = en;
			hasScannedForEncodings = 0;
			knownRegions = (
				en,
				Base,
			);
			mainGroup = 780BF9662221E3CA002BDD04;
			productRefGroup = 780BF9702221E3CA002BDD04 /* Products */;
			projectDirPath = "";
			projectRoot = "";
			targets = (
				780BF96E2221E3CA002BDD04 /* APIFlowSample */,
			);
		};
/* End PBXProject section */

/* Begin PBXResourcesBuildPhase section */
		780BF96D2221E3CA002BDD04 /* Resources */ = {
			isa = PBXResourcesBuildPhase;
			buildActionMask = 2147483647;
			files = (
				780BF97D2221E3CC002BDD04 /* LaunchScreen.storyboard in Resources */,
				780BF97A2221E3CC002BDD04 /* Assets.xcassets in Resources */,
				780BF9782221E3CA002BDD04 /* Main.storyboard in Resources */,
			);
			runOnlyForDeploymentPostprocessing = 0;
		};
/* End PBXResourcesBuildPhase section */

/* Begin PBXSourcesBuildPhase section */
		780BF96B2221E3CA002BDD04 /* Sources */ = {
			isa = PBXSourcesBuildPhase;
			buildActionMask = 2147483647;
			files = (
				780BF9752221E3CA002BDD04 /* ViewController.swift in Sources */,
				780BF98E2221E6C7002BDD04 /* ServerAPI+Login.swift in Sources */,
				780BF9892221E47B002BDD04 /* ServerAPI.swift in Sources */,
				780BF9732221E3CA002BDD04 /* AppDelegate.swift in Sources */,
			);
			runOnlyForDeploymentPostprocessing = 0;
		};
/* End PBXSourcesBuildPhase section */

/* Begin PBXVariantGroup section */
		780BF9762221E3CA002BDD04 /* Main.storyboard */ = {
			isa = PBXVariantGroup;
			children = (
				780BF9772221E3CA002BDD04 /* Base */,
			);
			name = Main.storyboard;
			sourceTree = "<group>";
		};
		780BF97B2221E3CC002BDD04 /* LaunchScreen.storyboard */ = {
			isa = PBXVariantGroup;
			children = (
				780BF97C2221E3CC002BDD04 /* Base */,
			);
			name = LaunchScreen.storyboard;
			sourceTree = "<group>";
		};
/* End PBXVariantGroup section */

/* Begin XCBuildConfiguration section */
		780BF97F2221E3CC002BDD04 /* Debug */ = {
			isa = XCBuildConfiguration;
			buildSettings = {
				ALWAYS_SEARCH_USER_PATHS = NO;
				CLANG_ANALYZER_NONNULL = YES;
				CLANG_ANALYZER_NUMBER_OBJECT_CONVERSION = YES_AGGRESSIVE;
				CLANG_CXX_LANGUAGE_STANDARD = "gnu++14";
				CLANG_CXX_LIBRARY = "libc++";
				CLANG_ENABLE_MODULES = YES;
				CLANG_ENABLE_OBJC_ARC = YES;
				CLANG_ENABLE_OBJC_WEAK = YES;
				CLANG_WARN_BLOCK_CAPTURE_AUTORELEASING = YES;
				CLANG_WARN_BOOL_CONVERSION = YES;
				CLANG_WARN_COMMA = YES;
				CLANG_WARN_CONSTANT_CONVERSION = YES;
				CLANG_WARN_DEPRECATED_OBJC_IMPLEMENTATIONS = YES;
				CLANG_WARN_DIRECT_OBJC_ISA_USAGE = YES_ERROR;
				CLANG_WARN_DOCUMENTATION_COMMENTS = YES;
				CLANG_WARN_EMPTY_BODY = YES;
				CLANG_WARN_ENUM_CONVERSION = YES;
				CLANG_WARN_INFINITE_RECURSION = YES;
				CLANG_WARN_INT_CONVERSION = YES;
				CLANG_WARN_NON_LITERAL_NULL_CONVERSION = YES;
				CLANG_WARN_OBJC_IMPLICIT_RETAIN_SELF = YES;
				CLANG_WARN_OBJC_LITERAL_CONVERSION = YES;
				CLANG_WARN_OBJC_ROOT_CLASS = YES_ERROR;
				CLANG_WARN_RANGE_LOOP_ANALYSIS = YES;
				CLANG_WARN_STRICT_PROTOTYPES = YES;
				CLANG_WARN_SUSPICIOUS_MOVE = YES;
				CLANG_WARN_UNGUARDED_AVAILABILITY = YES_AGGRESSIVE;
				CLANG_WARN_UNREACHABLE_CODE = YES;
				CLANG_WARN__DUPLICATE_METHOD_MATCH = YES;
				CODE_SIGN_IDENTITY = "iPhone Developer";
				COPY_PHASE_STRIP = NO;
				DEBUG_INFORMATION_FORMAT = dwarf;
				ENABLE_STRICT_OBJC_MSGSEND = YES;
				ENABLE_TESTABILITY = YES;
				GCC_C_LANGUAGE_STANDARD = gnu11;
				GCC_DYNAMIC_NO_PIC = NO;
				GCC_NO_COMMON_BLOCKS = YES;
				GCC_OPTIMIZATION_LEVEL = 0;
				GCC_PREPROCESSOR_DEFINITIONS = (
					"DEBUG=1",
					"$(inherited)",
				);
				GCC_WARN_64_TO_32_BIT_CONVERSION = YES;
				GCC_WARN_ABOUT_RETURN_TYPE = YES_ERROR;
				GCC_WARN_UNDECLARED_SELECTOR = YES;
				GCC_WARN_UNINITIALIZED_AUTOS = YES_AGGRESSIVE;
				GCC_WARN_UNUSED_FUNCTION = YES;
				GCC_WARN_UNUSED_VARIABLE = YES;
				IPHONEOS_DEPLOYMENT_TARGET = 12.1;
				MTL_ENABLE_DEBUG_INFO = INCLUDE_SOURCE;
				MTL_FAST_MATH = YES;
				ONLY_ACTIVE_ARCH = YES;
				SDKROOT = iphoneos;
				SWIFT_ACTIVE_COMPILATION_CONDITIONS = DEBUG;
				SWIFT_OPTIMIZATION_LEVEL = "-Onone";
			};
			name = Debug;
		};
		780BF9802221E3CC002BDD04 /* Release */ = {
			isa = XCBuildConfiguration;
			buildSettings = {
				ALWAYS_SEARCH_USER_PATHS = NO;
				CLANG_ANALYZER_NONNULL = YES;
				CLANG_ANALYZER_NUMBER_OBJECT_CONVERSION = YES_AGGRESSIVE;
				CLANG_CXX_LANGUAGE_STANDARD = "gnu++14";
				CLANG_CXX_LIBRARY = "libc++";
				CLANG_ENABLE_MODULES = YES;
				CLANG_ENABLE_OBJC_ARC = YES;
				CLANG_ENABLE_OBJC_WEAK = YES;
				CLANG_WARN_BLOCK_CAPTURE_AUTORELEASING = YES;
				CLANG_WARN_BOOL_CONVERSION = YES;
				CLANG_WARN_COMMA = YES;
				CLANG_WARN_CONSTANT_CONVERSION = YES;
				CLANG_WARN_DEPRECATED_OBJC_IMPLEMENTATIONS = YES;
				CLANG_WARN_DIRECT_OBJC_ISA_USAGE = YES_ERROR;
				CLANG_WARN_DOCUMENTATION_COMMENTS = YES;
				CLANG_WARN_EMPTY_BODY = YES;
				CLANG_WARN_ENUM_CONVERSION = YES;
				CLANG_WARN_INFINITE_RECURSION = YES;
				CLANG_WARN_INT_CONVERSION = YES;
				CLANG_WARN_NON_LITERAL_NULL_CONVERSION = YES;
				CLANG_WARN_OBJC_IMPLICIT_RETAIN_SELF = YES;
				CLANG_WARN_OBJC_LITERAL_CONVERSION = YES;
				CLANG_WARN_OBJC_ROOT_CLASS = YES_ERROR;
				CLANG_WARN_RANGE_LOOP_ANALYSIS = YES;
				CLANG_WARN_STRICT_PROTOTYPES = YES;
				CLANG_WARN_SUSPICIOUS_MOVE = YES;
				CLANG_WARN_UNGUARDED_AVAILABILITY = YES_AGGRESSIVE;
				CLANG_WARN_UNREACHABLE_CODE = YES;
				CLANG_WARN__DUPLICATE_METHOD_MATCH = YES;
				CODE_SIGN_IDENTITY = "iPhone Developer";
				COPY_PHASE_STRIP = NO;
				DEBUG_INFORMATION_FORMAT = "dwarf-with-dsym";
				ENABLE_NS_ASSERTIONS = NO;
				ENABLE_STRICT_OBJC_MSGSEND = YES;
				GCC_C_LANGUAGE_STANDARD = gnu11;
				GCC_NO_COMMON_BLOCKS = YES;
				GCC_WARN_64_TO_32_BIT_CONVERSION = YES;
				GCC_WARN_ABOUT_RETURN_TYPE = YES_ERROR;
				GCC_WARN_UNDECLARED_SELECTOR = YES;
				GCC_WARN_UNINITIALIZED_AUTOS = YES_AGGRESSIVE;
				GCC_WARN_UNUSED_FUNCTION = YES;
				GCC_WARN_UNUSED_VARIABLE = YES;
				IPHONEOS_DEPLOYMENT_TARGET = 12.1;
				MTL_ENABLE_DEBUG_INFO = NO;
				MTL_FAST_MATH = YES;
				SDKROOT = iphoneos;
				SWIFT_COMPILATION_MODE = wholemodule;
				SWIFT_OPTIMIZATION_LEVEL = "-O";
				VALIDATE_PRODUCT = YES;
			};
			name = Release;
		};
		780BF9822221E3CC002BDD04 /* Debug */ = {
			isa = XCBuildConfiguration;
			buildSettings = {
				ASSETCATALOG_COMPILER_APPICON_NAME = AppIcon;
				CODE_SIGN_STYLE = Automatic;
				INFOPLIST_FILE = APIFlowSample/Info.plist;
				LD_RUNPATH_SEARCH_PATHS = (
					"$(inherited)",
					"@executable_path/Frameworks",
				);
				PRODUCT_BUNDLE_IDENTIFIER = io.soft.APIFlowSample;
				PRODUCT_NAME = "$(TARGET_NAME)";
				SWIFT_VERSION = 4.2;
				TARGETED_DEVICE_FAMILY = "1,2";
			};
			name = Debug;
		};
		780BF9832221E3CC002BDD04 /* Release */ = {
			isa = XCBuildConfiguration;
			buildSettings = {
				ASSETCATALOG_COMPILER_APPICON_NAME = AppIcon;
				CODE_SIGN_STYLE = Automatic;
				INFOPLIST_FILE = APIFlowSample/Info.plist;
				LD_RUNPATH_SEARCH_PATHS = (
					"$(inherited)",
					"@executable_path/Frameworks",
				);
				PRODUCT_BUNDLE_IDENTIFIER = io.soft.APIFlowSample;
				PRODUCT_NAME = "$(TARGET_NAME)";
				SWIFT_VERSION = 4.2;
				TARGETED_DEVICE_FAMILY = "1,2";
			};
			name = Release;
		};
/* End XCBuildConfiguration section */

/* Begin XCConfigurationList section */
		780BF96A2221E3CA002BDD04 /* Build configuration list for PBXProject "APIFlowSample" */ = {
			isa = XCConfigurationList;
			buildConfigurations = (
				780BF97F2221E3CC002BDD04 /* Debug */,
				780BF9802221E3CC002BDD04 /* Release */,
			);
			defaultConfigurationIsVisible = 0;
			defaultConfigurationName = Release;
		};
		780BF9812221E3CC002BDD04 /* Build configuration list for PBXNativeTarget "APIFlowSample" */ = {
			isa = XCConfigurationList;
			buildConfigurations = (
				780BF9822221E3CC002BDD04 /* Debug */,
				780BF9832221E3CC002BDD04 /* Release */,
			);
			defaultConfigurationIsVisible = 0;
			defaultConfigurationName = Release;
		};
/* End XCConfigurationList section */
	};
	rootObject = 780BF9672221E3CA002BDD04 /* Project object */;
}
